
Microsoft Visual Studio Solution File, Format Version 12.00
# Visual Studio Version 17
VisualStudioVersion = 17.7.34202.233
MinimumVisualStudioVersion = 10.0.40219.1
Project("{FAE04EC0-301F-11D3-BF4B-00C04F79EFBC}") = "WebApplication1", "WebApplication1\WebApplication1.csproj", "{A18A4CE7-216B-40CC-B0FC-5A71DA6803EE}"
EndProject
Global
	GlobalSection(SolutionConfigurationPlatforms) = preSolution
		Debug|Any CPU = Debug|Any CPU
		Release|Any CPU = Release|Any CPU
	EndGlobalSection
	GlobalSection(ProjectConfigurationPlatforms) = postSolution
		{A18A4CE7-216B-40CC-B0FC-5A71DA6803EE}.Debug|Any CPU.ActiveCfg = Debug|Any CPU
		{A18A4CE7-216B-40CC-B0FC-5A71DA6803EE}.Debug|Any CPU.Build.0 = Debug|Any CPU
		{A18A4CE7-216B-40CC-B0FC-5A71DA6803EE}.Release|Any CPU.ActiveCfg = Release|Any CPU
		{A18A4CE7-216B-40CC-B0FC-5A71DA6803EE}.Release|Any CPU.Build.0 = Release|Any CPU
	EndGlobalSection
	GlobalSection(SolutionProperties) = preSolution
		HideSolutionNode = FALSE
	EndGlobalSection
	GlobalSection(ExtensibilityGlobals) = postSolution
		SolutionGuid = {70C53315-F0D3-44FC-B1C8-966B4B5CF9B0}
	EndGlobalSection
EndGlobal
